// !$*UTF8*$!
{
	archiveVersion = 1;
	classes = {
	};
	objectVersion = 56;
	objects = {

/* Begin PBXBuildFile section */
		D64610562C402C6500B321BA /* TCADemoApp.swift in Sources */ = {isa = PBXBuildFile; fileRef = D64610552C402C6500B321BA /* TCADemoApp.swift */; };
		D64610582C402C6500B321BA /* ContentView.swift in Sources */ = {isa = PBXBuildFile; fileRef = D64610572C402C6500B321BA /* ContentView.swift */; };
		D646105A2C402C6700B321BA /* Assets.xcassets in Resources */ = {isa = PBXBuildFile; fileRef = D64610592C402C6700B321BA /* Assets.xcassets */; };
		D646105D2C402C6700B321BA /* Preview Assets.xcassets in Resources */ = {isa = PBXBuildFile; fileRef = D646105C2C402C6700B321BA /* Preview Assets.xcassets */; };
		D64610672C402C6700B321BA /* TCADemoTests.swift in Sources */ = {isa = PBXBuildFile; fileRef = D64610662C402C6700B321BA /* TCADemoTests.swift */; };
		D64610712C402C6700B321BA /* TCADemoUITests.swift in Sources */ = {isa = PBXBuildFile; fileRef = D64610702C402C6700B321BA /* TCADemoUITests.swift */; };
		D64610732C402C6700B321BA /* TCADemoUITestsLaunchTests.swift in Sources */ = {isa = PBXBuildFile; fileRef = D64610722C402C6700B321BA /* TCADemoUITestsLaunchTests.swift */; };
		D678B7B72C406CAE00537067 /* Model.swift in Sources */ = {isa = PBXBuildFile; fileRef = D678B7B62C406CAE00537067 /* Model.swift */; };
		D678B7BA2C40708A00537067 /* Feature.swift in Sources */ = {isa = PBXBuildFile; fileRef = D678B7B92C40708A00537067 /* Feature.swift */; };
		D678B7BD2C40742C00537067 /* APIManager.swift in Sources */ = {isa = PBXBuildFile; fileRef = D678B7BC2C40742C00537067 /* APIManager.swift */; };
		D678B7C12C40767E00537067 /* Alamofire in Frameworks */ = {isa = PBXBuildFile; productRef = D678B7C02C40767E00537067 /* Alamofire */; };
		D678B7C42C4076A300537067 /* RequestBuilder.swift in Sources */ = {isa = PBXBuildFile; fileRef = D678B7C32C4076A300537067 /* RequestBuilder.swift */; };
		D69837BC2C40F20300416FA6 /* ComposableArchitecture in Frameworks */ = {isa = PBXBuildFile; productRef = D69837BB2C40F20300416FA6 /* ComposableArchitecture */; };
/* End PBXBuildFile section */

/* Begin PBXContainerItemProxy section */
		D64610632C402C6700B321BA /* PBXContainerItemProxy */ = {
			isa = PBXContainerItemProxy;
			containerPortal = D646104A2C402C6500B321BA /* Project object */;
			proxyType = 1;
			remoteGlobalIDString = D64610512C402C6500B321BA;
			remoteInfo = TCADemo;
		};
		D646106D2C402C6700B321BA /* PBXContainerItemProxy */ = {
			isa = PBXContainerItemProxy;
			containerPortal = D646104A2C402C6500B321BA /* Project object */;
			proxyType = 1;
			remoteGlobalIDString = D64610512C402C6500B321BA;
			remoteInfo = TCADemo;
		};
/* End PBXContainerItemProxy section */

/* Begin PBXFileReference section */
		D64610522C402C6500B321BA /* TCADemo.app */ = {isa = PBXFileReference; explicitFileType = wrapper.application; includeInIndex = 0; path = TCADemo.app; sourceTree = BUILT_PRODUCTS_DIR; };
		D64610552C402C6500B321BA /* TCADemoApp.swift */ = {isa = PBXFileReference; lastKnownFileType = sourcecode.swift; path = TCADemoApp.swift; sourceTree = "<group>"; };
		D64610572C402C6500B321BA /* ContentView.swift */ = {isa = PBXFileReference; lastKnownFileType = sourcecode.swift; path = ContentView.swift; sourceTree = "<group>"; };
		D64610592C402C6700B321BA /* Assets.xcassets */ = {isa = PBXFileReference; lastKnownFileType = folder.assetcatalog; path = Assets.xcassets; sourceTree = "<group>"; };
		D646105C2C402C6700B321BA /* Preview Assets.xcassets */ = {isa = PBXFileReference; lastKnownFileType = folder.assetcatalog; path = "Preview Assets.xcassets"; sourceTree = "<group>"; };
		D64610622C402C6700B321BA /* TCADemoTests.xctest */ = {isa = PBXFileReference; explicitFileType = wrapper.cfbundle; includeInIndex = 0; path = TCADemoTests.xctest; sourceTree = BUILT_PRODUCTS_DIR; };
		D64610662C402C6700B321BA /* TCADemoTests.swift */ = {isa = PBXFileReference; lastKnownFileType = sourcecode.swift; path = TCADemoTests.swift; sourceTree = "<group>"; };
		D646106C2C402C6700B321BA /* TCADemoUITests.xctest */ = {isa = PBXFileReference; explicitFileType = wrapper.cfbundle; includeInIndex = 0; path = TCADemoUITests.xctest; sourceTree = BUILT_PRODUCTS_DIR; };
		D64610702C402C6700B321BA /* TCADemoUITests.swift */ = {isa = PBXFileReference; lastKnownFileType = sourcecode.swift; path = TCADemoUITests.swift; sourceTree = "<group>"; };
		D64610722C402C6700B321BA /* TCADemoUITestsLaunchTests.swift */ = {isa = PBXFileReference; lastKnownFileType = sourcecode.swift; path = TCADemoUITestsLaunchTests.swift; sourceTree = "<group>"; };
		D678B7B62C406CAE00537067 /* Model.swift */ = {isa = PBXFileReference; lastKnownFileType = sourcecode.swift; path = Model.swift; sourceTree = "<group>"; };
		D678B7B92C40708A00537067 /* Feature.swift */ = {isa = PBXFileReference; lastKnownFileType = sourcecode.swift; path = Feature.swift; sourceTree = "<group>"; };
		D678B7BC2C40742C00537067 /* APIManager.swift */ = {isa = PBXFileReference; lastKnownFileType = sourcecode.swift; path = APIManager.swift; sourceTree = "<group>"; };
		D678B7BE2C40762500537067 /* Info.plist */ = {isa = PBXFileReference; lastKnownFileType = text.plist; path = Info.plist; sourceTree = "<group>"; };
		D678B7C32C4076A300537067 /* RequestBuilder.swift */ = {isa = PBXFileReference; lastKnownFileType = sourcecode.swift; path = RequestBuilder.swift; sourceTree = "<group>"; };
/* End PBXFileReference section */

/* Begin PBXFrameworksBuildPhase section */
		D646104F2C402C6500B321BA /* Frameworks */ = {
			isa = PBXFrameworksBuildPhase;
			buildActionMask = 2147483647;
			files = (
				D69837BC2C40F20300416FA6 /* ComposableArchitecture in Frameworks */,
				D678B7C12C40767E00537067 /* Alamofire in Frameworks */,
			);
			runOnlyForDeploymentPostprocessing = 0;
		};
		D646105F2C402C6700B321BA /* Frameworks */ = {
			isa = PBXFrameworksBuildPhase;
			buildActionMask = 2147483647;
			files = (
			);
			runOnlyForDeploymentPostprocessing = 0;
		};
		D64610692C402C6700B321BA /* Frameworks */ = {
			isa = PBXFrameworksBuildPhase;
			buildActionMask = 2147483647;
			files = (
			);
			runOnlyForDeploymentPostprocessing = 0;
		};
/* End PBXFrameworksBuildPhase section */

/* Begin PBXGroup section */
		D64610492C402C6500B321BA = {
			isa = PBXGroup;
			children = (
				D64610542C402C6500B321BA /* TCADemo */,
				D64610652C402C6700B321BA /* TCADemoTests */,
				D646106F2C402C6700B321BA /* TCADemoUITests */,
				D64610532C402C6500B321BA /* Products */,
			);
			sourceTree = "<group>";
		};
		D64610532C402C6500B321BA /* Products */ = {
			isa = PBXGroup;
			children = (
				D64610522C402C6500B321BA /* TCADemo.app */,
				D64610622C402C6700B321BA /* TCADemoTests.xctest */,
				D646106C2C402C6700B321BA /* TCADemoUITests.xctest */,
			);
			name = Products;
			sourceTree = "<group>";
		};
		D64610542C402C6500B321BA /* TCADemo */ = {
			isa = PBXGroup;
			children = (
				D678B7C22C40768600537067 /* Helper */,
				D678B7BE2C40762500537067 /* Info.plist */,
				D678B7BB2C4072BB00537067 /* APIManager */,
				D678B7B82C40707900537067 /* Feature */,
				D678B7B52C406C9600537067 /* Model */,
				D64610552C402C6500B321BA /* TCADemoApp.swift */,
				D64610572C402C6500B321BA /* ContentView.swift */,
				D64610592C402C6700B321BA /* Assets.xcassets */,
				D646105B2C402C6700B321BA /* Preview Content */,
			);
			path = TCADemo;
			sourceTree = "<group>";
		};
		D646105B2C402C6700B321BA /* Preview Content */ = {
			isa = PBXGroup;
			children = (
				D646105C2C402C6700B321BA /* Preview Assets.xcassets */,
			);
			path = "Preview Content";
			sourceTree = "<group>";
		};
		D64610652C402C6700B321BA /* TCADemoTests */ = {
			isa = PBXGroup;
			children = (
				D64610662C402C6700B321BA /* TCADemoTests.swift */,
			);
			path = TCADemoTests;
			sourceTree = "<group>";
		};
		D646106F2C402C6700B321BA /* TCADemoUITests */ = {
			isa = PBXGroup;
			children = (
				D64610702C402C6700B321BA /* TCADemoUITests.swift */,
				D64610722C402C6700B321BA /* TCADemoUITestsLaunchTests.swift */,
			);
			path = TCADemoUITests;
			sourceTree = "<group>";
		};
		D678B7B52C406C9600537067 /* Model */ = {
			isa = PBXGroup;
			children = (
				D678B7B62C406CAE00537067 /* Model.swift */,
			);
			path = Model;
			sourceTree = "<group>";
		};
		D678B7B82C40707900537067 /* Feature */ = {
			isa = PBXGroup;
			children = (
				D678B7B92C40708A00537067 /* Feature.swift */,
			);
			path = Feature;
			sourceTree = "<group>";
		};
		D678B7BB2C4072BB00537067 /* APIManager */ = {
			isa = PBXGroup;
			children = (
				D678B7BC2C40742C00537067 /* APIManager.swift */,
			);
			path = APIManager;
			sourceTree = "<group>";
		};
		D678B7C22C40768600537067 /* Helper */ = {
			isa = PBXGroup;
			children = (
				D678B7C32C4076A300537067 /* RequestBuilder.swift */,
			);
			path = Helper;
			sourceTree = "<group>";
		};
/* End PBXGroup section */

/* Begin PBXNativeTarget section */
		D64610512C402C6500B321BA /* TCADemo */ = {
			isa = PBXNativeTarget;
			buildConfigurationList = D64610762C402C6700B321BA /* Build configuration list for PBXNativeTarget "TCADemo" */;
			buildPhases = (
				D646104E2C402C6500B321BA /* Sources */,
				D646104F2C402C6500B321BA /* Frameworks */,
				D64610502C402C6500B321BA /* Resources */,
			);
			buildRules = (
			);
			dependencies = (
			);
			name = TCADemo;
			packageProductDependencies = (
				D678B7C02C40767E00537067 /* Alamofire */,
				D69837BB2C40F20300416FA6 /* ComposableArchitecture */,
			);
			productName = TCADemo;
			productReference = D64610522C402C6500B321BA /* TCADemo.app */;
			productType = "com.apple.product-type.application";
		};
		D64610612C402C6700B321BA /* TCADemoTests */ = {
			isa = PBXNativeTarget;
			buildConfigurationList = D64610792C402C6700B321BA /* Build configuration list for PBXNativeTarget "TCADemoTests" */;
			buildPhases = (
				D646105E2C402C6700B321BA /* Sources */,
				D646105F2C402C6700B321BA /* Frameworks */,
				D64610602C402C6700B321BA /* Resources */,
			);
			buildRules = (
			);
			dependencies = (
				D64610642C402C6700B321BA /* PBXTargetDependency */,
			);
			name = TCADemoTests;
			productName = TCADemoTests;
			productReference = D64610622C402C6700B321BA /* TCADemoTests.xctest */;
			productType = "com.apple.product-type.bundle.unit-test";
		};
		D646106B2C402C6700B321BA /* TCADemoUITests */ = {
			isa = PBXNativeTarget;
			buildConfigurationList = D646107C2C402C6700B321BA /* Build configuration list for PBXNativeTarget "TCADemoUITests" */;
			buildPhases = (
				D64610682C402C6700B321BA /* Sources */,
				D64610692C402C6700B321BA /* Frameworks */,
				D646106A2C402C6700B321BA /* Resources */,
			);
			buildRules = (
			);
			dependencies = (
				D646106E2C402C6700B321BA /* PBXTargetDependency */,
			);
			name = TCADemoUITests;
			productName = TCADemoUITests;
			productReference = D646106C2C402C6700B321BA /* TCADemoUITests.xctest */;
			productType = "com.apple.product-type.bundle.ui-testing";
		};
/* End PBXNativeTarget section */

/* Begin PBXProject section */
		D646104A2C402C6500B321BA /* Project object */ = {
			isa = PBXProject;
			attributes = {
				BuildIndependentTargetsInParallel = 1;
				LastSwiftUpdateCheck = 1540;
				LastUpgradeCheck = 1540;
				TargetAttributes = {
					D64610512C402C6500B321BA = {
						CreatedOnToolsVersion = 15.4;
					};
					D64610612C402C6700B321BA = {
						CreatedOnToolsVersion = 15.4;
						TestTargetID = D64610512C402C6500B321BA;
					};
					D646106B2C402C6700B321BA = {
						CreatedOnToolsVersion = 15.4;
						TestTargetID = D64610512C402C6500B321BA;
					};
				};
			};
			buildConfigurationList = D646104D2C402C6500B321BA /* Build configuration list for PBXProject "TCADemo" */;
			compatibilityVersion = "Xcode 14.0";
			developmentRegion = en;
			hasScannedForEncodings = 0;
			knownRegions = (
				en,
				Base,
			);
			mainGroup = D64610492C402C6500B321BA;
			packageReferences = (
				D678B7BF2C40767E00537067 /* XCRemoteSwiftPackageReference "Alamofire" */,
				D69837BA2C40F20300416FA6 /* XCRemoteSwiftPackageReference "swift-composable-architecture" */,
			);
			productRefGroup = D64610532C402C6500B321BA /* Products */;
			projectDirPath = "";
			projectRoot = "";
			targets = (
				D64610512C402C6500B321BA /* TCADemo */,
				D64610612C402C6700B321BA /* TCADemoTests */,
				D646106B2C402C6700B321BA /* TCADemoUITests */,
			);
		};
/* End PBXProject section */

/* Begin PBXResourcesBuildPhase section */
		D64610502C402C6500B321BA /* Resources */ = {
			isa = PBXResourcesBuildPhase;
			buildActionMask = 2147483647;
			files = (
				D646105D2C402C6700B321BA /* Preview Assets.xcassets in Resources */,
				D646105A2C402C6700B321BA /* Assets.xcassets in Resources */,
			);
			runOnlyForDeploymentPostprocessing = 0;
		};
		D64610602C402C6700B321BA /* Resources */ = {
			isa = PBXResourcesBuildPhase;
			buildActionMask = 2147483647;
			files = (
			);
			runOnlyForDeploymentPostprocessing = 0;
		};
		D646106A2C402C6700B321BA /* Resources */ = {
			isa = PBXResourcesBuildPhase;
			buildActionMask = 2147483647;
			files = (
			);
			runOnlyForDeploymentPostprocessing = 0;
		};
/* End PBXResourcesBuildPhase section */

/* Begin PBXSourcesBuildPhase section */
		D646104E2C402C6500B321BA /* Sources */ = {
			isa = PBXSourcesBuildPhase;
			buildActionMask = 2147483647;
			files = (
				D678B7BA2C40708A00537067 /* Feature.swift in Sources */,
				D678B7B72C406CAE00537067 /* Model.swift in Sources */,
				D678B7BD2C40742C00537067 /* APIManager.swift in Sources */,
				D678B7C42C4076A300537067 /* RequestBuilder.swift in Sources */,
				D64610582C402C6500B321BA /* ContentView.swift in Sources */,
				D64610562C402C6500B321BA /* TCADemoApp.swift in Sources */,
			);
			runOnlyForDeploymentPostprocessing = 0;
		};
		D646105E2C402C6700B321BA /* Sources */ = {
			isa = PBXSourcesBuildPhase;
			buildActionMask = 2147483647;
			files = (
				D64610672C402C6700B321BA /* TCADemoTests.swift in Sources */,
			);
			runOnlyForDeploymentPostprocessing = 0;
		};
		D64610682C402C6700B321BA /* Sources */ = {
			isa = PBXSourcesBuildPhase;
			buildActionMask = 2147483647;
			files = (
				D64610732C402C6700B321BA /* TCADemoUITestsLaunchTests.swift in Sources */,
				D64610712C402C6700B321BA /* TCADemoUITests.swift in Sources */,
			);
			runOnlyForDeploymentPostprocessing = 0;
		};
/* End PBXSourcesBuildPhase section */

/* Begin PBXTargetDependency section */
		D64610642C402C6700B321BA /* PBXTargetDependency */ = {
			isa = PBXTargetDependency;
			target = D64610512C402C6500B321BA /* TCADemo */;
			targetProxy = D64610632C402C6700B321BA /* PBXContainerItemProxy */;
		};
		D646106E2C402C6700B321BA /* PBXTargetDependency */ = {
			isa = PBXTargetDependency;
			target = D64610512C402C6500B321BA /* TCADemo */;
			targetProxy = D646106D2C402C6700B321BA /* PBXContainerItemProxy */;
		};
/* End PBXTargetDependency section */

/* Begin XCBuildConfiguration section */
		D64610742C402C6700B321BA /* Debug */ = {
			isa = XCBuildConfiguration;
			buildSettings = {
				ALWAYS_SEARCH_USER_PATHS = NO;
				ASSETCATALOG_COMPILER_GENERATE_SWIFT_ASSET_SYMBOL_EXTENSIONS = YES;
				CLANG_ANALYZER_NONNULL = YES;
				CLANG_ANALYZER_NUMBER_OBJECT_CONVERSION = YES_AGGRESSIVE;
				CLANG_CXX_LANGUAGE_STANDARD = "gnu++20";
				CLANG_ENABLE_MODULES = YES;
				CLANG_ENABLE_OBJC_ARC = YES;
				CLANG_ENABLE_OBJC_WEAK = YES;
				CLANG_WARN_BLOCK_CAPTURE_AUTORELEASING = YES;
				CLANG_WARN_BOOL_CONVERSION = YES;
				CLANG_WARN_COMMA = YES;
				CLANG_WARN_CONSTANT_CONVERSION = YES;
				CLANG_WARN_DEPRECATED_OBJC_IMPLEMENTATIONS = YES;
				CLANG_WARN_DIRECT_OBJC_ISA_USAGE = YES_ERROR;
				CLANG_WARN_DOCUMENTATION_COMMENTS = YES;
				CLANG_WARN_EMPTY_BODY = YES;
				CLANG_WARN_ENUM_CONVERSION = YES;
				CLANG_WARN_INFINITE_RECURSION = YES;
				CLANG_WARN_INT_CONVERSION = YES;
				CLANG_WARN_NON_LITERAL_NULL_CONVERSION = YES;
				CLANG_WARN_OBJC_IMPLICIT_RETAIN_SELF = YES;
				CLANG_WARN_OBJC_LITERAL_CONVERSION = YES;
				CLANG_WARN_OBJC_ROOT_CLASS = YES_ERROR;
				CLANG_WARN_QUOTED_INCLUDE_IN_FRAMEWORK_HEADER = YES;
				CLANG_WARN_RANGE_LOOP_ANALYSIS = YES;
				CLANG_WARN_STRICT_PROTOTYPES = YES;
				CLANG_WARN_SUSPICIOUS_MOVE = YES;
				CLANG_WARN_UNGUARDED_AVAILABILITY = YES_AGGRESSIVE;
				CLANG_WARN_UNREACHABLE_CODE = YES;
				CLANG_WARN__DUPLICATE_METHOD_MATCH = YES;
				COPY_PHASE_STRIP = NO;
				DEBUG_INFORMATION_FORMAT = dwarf;
				ENABLE_STRICT_OBJC_MSGSEND = YES;
				ENABLE_TESTABILITY = YES;
				ENABLE_USER_SCRIPT_SANDBOXING = YES;
				GCC_C_LANGUAGE_STANDARD = gnu17;
				GCC_DYNAMIC_NO_PIC = NO;
				GCC_NO_COMMON_BLOCKS = YES;
				GCC_OPTIMIZATION_LEVEL = 0;
				GCC_PREPROCESSOR_DEFINITIONS = (
					"DEBUG=1",
					"$(inherited)",
				);
				GCC_WARN_64_TO_32_BIT_CONVERSION = YES;
				GCC_WARN_ABOUT_RETURN_TYPE = YES_ERROR;
				GCC_WARN_UNDECLARED_SELECTOR = YES;
				GCC_WARN_UNINITIALIZED_AUTOS = YES_AGGRESSIVE;
				GCC_WARN_UNUSED_FUNCTION = YES;
				GCC_WARN_UNUSED_VARIABLE = YES;
				IPHONEOS_DEPLOYMENT_TARGET = 17.5;
				LOCALIZATION_PREFERS_STRING_CATALOGS = YES;
				MTL_ENABLE_DEBUG_INFO = INCLUDE_SOURCE;
				MTL_FAST_MATH = YES;
				ONLY_ACTIVE_ARCH = YES;
				SDKROOT = iphoneos;
				SWIFT_ACTIVE_COMPILATION_CONDITIONS = "DEBUG $(inherited)";
				SWIFT_OPTIMIZATION_LEVEL = "-Onone";
			};
			name = Debug;
		};
		D64610752C402C6700B321BA /* Release */ = {
			isa = XCBuildConfiguration;
			buildSettings = {
				ALWAYS_SEARCH_USER_PATHS = NO;
				ASSETCATALOG_COMPILER_GENERATE_SWIFT_ASSET_SYMBOL_EXTENSIONS = YES;
				CLANG_ANALYZER_NONNULL = YES;
				CLANG_ANALYZER_NUMBER_OBJECT_CONVERSION = YES_AGGRESSIVE;
				CLANG_CXX_LANGUAGE_STANDARD = "gnu++20";
				CLANG_ENABLE_MODULES = YES;
				CLANG_ENABLE_OBJC_ARC = YES;
				CLANG_ENABLE_OBJC_WEAK = YES;
				CLANG_WARN_BLOCK_CAPTURE_AUTORELEASING = YES;
				CLANG_WARN_BOOL_CONVERSION = YES;
				CLANG_WARN_COMMA = YES;
				CLANG_WARN_CONSTANT_CONVERSION = YES;
				CLANG_WARN_DEPRECATED_OBJC_IMPLEMENTATIONS = YES;
				CLANG_WARN_DIRECT_OBJC_ISA_USAGE = YES_ERROR;
				CLANG_WARN_DOCUMENTATION_COMMENTS = YES;
				CLANG_WARN_EMPTY_BODY = YES;
				CLANG_WARN_ENUM_CONVERSION = YES;
				CLANG_WARN_INFINITE_RECURSION = YES;
				CLANG_WARN_INT_CONVERSION = YES;
				CLANG_WARN_NON_LITERAL_NULL_CONVERSION = YES;
				CLANG_WARN_OBJC_IMPLICIT_RETAIN_SELF = YES;
				CLANG_WARN_OBJC_LITERAL_CONVERSION = YES;
				CLANG_WARN_OBJC_ROOT_CLASS = YES_ERROR;
				CLANG_WARN_QUOTED_INCLUDE_IN_FRAMEWORK_HEADER = YES;
				CLANG_WARN_RANGE_LOOP_ANALYSIS = YES;
				CLANG_WARN_STRICT_PROTOTYPES = YES;
				CLANG_WARN_SUSPICIOUS_MOVE = YES;
				CLANG_WARN_UNGUARDED_AVAILABILITY = YES_AGGRESSIVE;
				CLANG_WARN_UNREACHABLE_CODE = YES;
				CLANG_WARN__DUPLICATE_METHOD_MATCH = YES;
				COPY_PHASE_STRIP = NO;
				DEBUG_INFORMATION_FORMAT = "dwarf-with-dsym";
				ENABLE_NS_ASSERTIONS = NO;
				ENABLE_STRICT_OBJC_MSGSEND = YES;
				ENABLE_USER_SCRIPT_SANDBOXING = YES;
				GCC_C_LANGUAGE_STANDARD = gnu17;
				GCC_NO_COMMON_BLOCKS = YES;
				GCC_WARN_64_TO_32_BIT_CONVERSION = YES;
				GCC_WARN_ABOUT_RETURN_TYPE = YES_ERROR;
				GCC_WARN_UNDECLARED_SELECTOR = YES;
				GCC_WARN_UNINITIALIZED_AUTOS = YES_AGGRESSIVE;
				GCC_WARN_UNUSED_FUNCTION = YES;
				GCC_WARN_UNUSED_VARIABLE = YES;
				IPHONEOS_DEPLOYMENT_TARGET = 17.5;
				LOCALIZATION_PREFERS_STRING_CATALOGS = YES;
				MTL_ENABLE_DEBUG_INFO = NO;
				MTL_FAST_MATH = YES;
				SDKROOT = iphoneos;
				SWIFT_COMPILATION_MODE = wholemodule;
				VALIDATE_PRODUCT = YES;
			};
			name = Release;
		};
		D64610772C402C6700B321BA /* Debug */ = {
			isa = XCBuildConfiguration;
			buildSettings = {
				ASSETCATALOG_COMPILER_APPICON_NAME = AppIcon;
				ASSETCATALOG_COMPILER_GLOBAL_ACCENT_COLOR_NAME = AccentColor;
				CODE_SIGN_STYLE = Automatic;
				CURRENT_PROJECT_VERSION = 1;
				DEVELOPMENT_ASSET_PATHS = "\"TCADemo/Preview Content\"";
				DEVELOPMENT_TEAM = K6LJCT8RAA;
				ENABLE_PREVIEWS = YES;
				GENERATE_INFOPLIST_FILE = YES;
				INFOPLIST_FILE = TCADemo/Info.plist;
				INFOPLIST_KEY_UIApplicationSceneManifest_Generation = YES;
				INFOPLIST_KEY_UIApplicationSupportsIndirectInputEvents = YES;
				INFOPLIST_KEY_UILaunchScreen_Generation = YES;
				INFOPLIST_KEY_UISupportedInterfaceOrientations_iPad = "UIInterfaceOrientationPortrait UIInterfaceOrientationPortraitUpsideDown UIInterfaceOrientationLandscapeLeft UIInterfaceOrientationLandscapeRight";
				INFOPLIST_KEY_UISupportedInterfaceOrientations_iPhone = "UIInterfaceOrientationPortrait UIInterfaceOrientationLandscapeLeft UIInterfaceOrientationLandscapeRight";
				IPHONEOS_DEPLOYMENT_TARGET = 16.4;
				LD_RUNPATH_SEARCH_PATHS = (
					"$(inherited)",
					"@executable_path/Frameworks",
				);
				MARKETING_VERSION = 1.0;
				PRODUCT_BUNDLE_IDENTIFIER = com.template.TCADemo;
				PRODUCT_NAME = "$(TARGET_NAME)";
				SWIFT_EMIT_LOC_STRINGS = YES;
				SWIFT_VERSION = 5.0;
				TARGETED_DEVICE_FAMILY = "1,2";
			};
			name = Debug;
		};
		D64610782C402C6700B321BA /* Release */ = {
			isa = XCBuildConfiguration;
			buildSettings = {
				ASSETCATALOG_COMPILER_APPICON_NAME = AppIcon;
				ASSETCATALOG_COMPILER_GLOBAL_ACCENT_COLOR_NAME = AccentColor;
				CODE_SIGN_STYLE = Automatic;
				CURRENT_PROJECT_VERSION = 1;
				DEVELOPMENT_ASSET_PATHS = "\"TCADemo/Preview Content\"";
				DEVELOPMENT_TEAM = K6LJCT8RAA;
				ENABLE_PREVIEWS = YES;
				GENERATE_INFOPLIST_FILE = YES;
				INFOPLIST_FILE = TCADemo/Info.plist;
				INFOPLIST_KEY_UIApplicationSceneManifest_Generation = YES;
				INFOPLIST_KEY_UIApplicationSupportsIndirectInputEvents = YES;
				INFOPLIST_KEY_UILaunchScreen_Generation = YES;
				INFOPLIST_KEY_UISupportedInterfaceOrientations_iPad = "UIInterfaceOrientationPortrait UIInterfaceOrientationPortraitUpsideDown UIInterfaceOrientationLandscapeLeft UIInterfaceOrientationLandscapeRight";
				INFOPLIST_KEY_UISupportedInterfaceOrientations_iPhone = "UIInterfaceOrientationPortrait UIInterfaceOrientationLandscapeLeft UIInterfaceOrientationLandscapeRight";
				IPHONEOS_DEPLOYMENT_TARGET = 16.4;
				LD_RUNPATH_SEARCH_PATHS = (
					"$(inherited)",
					"@executable_path/Frameworks",
				);
				MARKETING_VERSION = 1.0;
				PRODUCT_BUNDLE_IDENTIFIER = com.template.TCADemo;
				PRODUCT_NAME = "$(TARGET_NAME)";
				SWIFT_EMIT_LOC_STRINGS = YES;
				SWIFT_VERSION = 5.0;
				TARGETED_DEVICE_FAMILY = "1,2";
			};
			name = Release;
		};
		D646107A2C402C6700B321BA /* Debug */ = {
			isa = XCBuildConfiguration;
			buildSettings = {
				ALWAYS_EMBED_SWIFT_STANDARD_LIBRARIES = YES;
				BUNDLE_LOADER = "$(TEST_HOST)";
				CODE_SIGN_STYLE = Automatic;
				CURRENT_PROJECT_VERSION = 1;
				DEVELOPMENT_TEAM = K6LJCT8RAA;
				GENERATE_INFOPLIST_FILE = YES;
				IPHONEOS_DEPLOYMENT_TARGET = 17.5;
				MARKETING_VERSION = 1.0;
				PRODUCT_BUNDLE_IDENTIFIER = com.template.TCADemoTests;
				PRODUCT_NAME = "$(TARGET_NAME)";
				SWIFT_EMIT_LOC_STRINGS = NO;
				SWIFT_VERSION = 5.0;
				TARGETED_DEVICE_FAMILY = "1,2";
				TEST_HOST = "$(BUILT_PRODUCTS_DIR)/TCADemo.app/$(BUNDLE_EXECUTABLE_FOLDER_PATH)/TCADemo";
			};
			name = Debug;
		};
		D646107B2C402C6700B321BA /* Release */ = {
			isa = XCBuildConfiguration;
			buildSettings = {
				ALWAYS_EMBED_SWIFT_STANDARD_LIBRARIES = YES;
				BUNDLE_LOADER = "$(TEST_HOST)";
				CODE_SIGN_STYLE = Automatic;
				CURRENT_PROJECT_VERSION = 1;
				DEVELOPMENT_TEAM = K6LJCT8RAA;
				GENERATE_INFOPLIST_FILE = YES;
				IPHONEOS_DEPLOYMENT_TARGET = 17.5;
				MARKETING_VERSION = 1.0;
				PRODUCT_BUNDLE_IDENTIFIER = com.template.TCADemoTests;
				PRODUCT_NAME = "$(TARGET_NAME)";
				SWIFT_EMIT_LOC_STRINGS = NO;
				SWIFT_VERSION = 5.0;
				TARGETED_DEVICE_FAMILY = "1,2";
				TEST_HOST = "$(BUILT_PRODUCTS_DIR)/TCADemo.app/$(BUNDLE_EXECUTABLE_FOLDER_PATH)/TCADemo";
			};
			name = Release;
		};
		D646107D2C402C6700B321BA /* Debug */ = {
			isa = XCBuildConfiguration;
			buildSettings = {
				ALWAYS_EMBED_SWIFT_STANDARD_LIBRARIES = YES;
				CODE_SIGN_STYLE = Automatic;
				CURRENT_PROJECT_VERSION = 1;
				DEVELOPMENT_TEAM = K6LJCT8RAA;
				GENERATE_INFOPLIST_FILE = YES;
				MARKETING_VERSION = 1.0;
				PRODUCT_BUNDLE_IDENTIFIER = com.template.TCADemoUITests;
				PRODUCT_NAME = "$(TARGET_NAME)";
				SWIFT_EMIT_LOC_STRINGS = NO;
				SWIFT_VERSION = 5.0;
				TARGETED_DEVICE_FAMILY = "1,2";
				TEST_TARGET_NAME = TCADemo;
			};
			name = Debug;
		};
		D646107E2C402C6700B321BA /* Release */ = {
			isa = XCBuildConfiguration;
			buildSettings = {
				ALWAYS_EMBED_SWIFT_STANDARD_LIBRARIES = YES;
				CODE_SIGN_STYLE = Automatic;
				CURRENT_PROJECT_VERSION = 1;
				DEVELOPMENT_TEAM = K6LJCT8RAA;
				GENERATE_INFOPLIST_FILE = YES;
				MARKETING_VERSION = 1.0;
				PRODUCT_BUNDLE_IDENTIFIER = com.template.TCADemoUITests;
				PRODUCT_NAME = "$(TARGET_NAME)";
				SWIFT_EMIT_LOC_STRINGS = NO;
				SWIFT_VERSION = 5.0;
				TARGETED_DEVICE_FAMILY = "1,2";
				TEST_TARGET_NAME = TCADemo;
			};
			name = Release;
		};
/* End XCBuildConfiguration section */

/* Begin XCConfigurationList section */
		D646104D2C402C6500B321BA /* Build configuration list for PBXProject "TCADemo" */ = {
			isa = XCConfigurationList;
			buildConfigurations = (
				D64610742C402C6700B321BA /* Debug */,
				D64610752C402C6700B321BA /* Release */,
			);
			defaultConfigurationIsVisible = 0;
			defaultConfigurationName = Release;
		};
		D64610762C402C6700B321BA /* Build configuration list for PBXNativeTarget "TCADemo" */ = {
			isa = XCConfigurationList;
			buildConfigurations = (
				D64610772C402C6700B321BA /* Debug */,
				D64610782C402C6700B321BA /* Release */,
			);
			defaultConfigurationIsVisible = 0;
			defaultConfigurationName = Release;
		};
		D64610792C402C6700B321BA /* Build configuration list for PBXNativeTarget "TCADemoTests" */ = {
			isa = XCConfigurationList;
			buildConfigurations = (
				D646107A2C402C6700B321BA /* Debug */,
				D646107B2C402C6700B321BA /* Release */,
			);
			defaultConfigurationIsVisible = 0;
			defaultConfigurationName = Release;
		};
		D646107C2C402C6700B321BA /* Build configuration list for PBXNativeTarget "TCADemoUITests" */ = {
			isa = XCConfigurationList;
			buildConfigurations = (
				D646107D2C402C6700B321BA /* Debug */,
				D646107E2C402C6700B321BA /* Release */,
			);
			defaultConfigurationIsVisible = 0;
			defaultConfigurationName = Release;
		};
/* End XCConfigurationList section */

/* Begin XCRemoteSwiftPackageReference section */
		D678B7BF2C40767E00537067 /* XCRemoteSwiftPackageReference "Alamofire" */ = {
			isa = XCRemoteSwiftPackageReference;
			repositoryURL = "https://github.com/Alamofire/Alamofire.git";
			requirement = {
				kind = upToNextMajorVersion;
				minimumVersion = 5.9.1;
			};
		};
		D69837BA2C40F20300416FA6 /* XCRemoteSwiftPackageReference "swift-composable-architecture" */ = {
			isa = XCRemoteSwiftPackageReference;
			repositoryURL = "https://github.com/pointfreeco/swift-composable-architecture.git";
			requirement = {
				kind = upToNextMajorVersion;
				minimumVersion = 1.11.2;
			};
		};
/* End XCRemoteSwiftPackageReference section */

/* Begin XCSwiftPackageProductDependency section */
		D678B7C02C40767E00537067 /* Alamofire */ = {
			isa = XCSwiftPackageProductDependency;
			package = D678B7BF2C40767E00537067 /* XCRemoteSwiftPackageReference "Alamofire" */;
			productName = Alamofire;
		};
		D69837BB2C40F20300416FA6 /* ComposableArchitecture */ = {
			isa = XCSwiftPackageProductDependency;
			package = D69837BA2C40F20300416FA6 /* XCRemoteSwiftPackageReference "swift-composable-architecture" */;
			productName = ComposableArchitecture;
		};
/* End XCSwiftPackageProductDependency section */
	};
	rootObject = D646104A2C402C6500B321BA /* Project object */;
}
